
Microsoft Visual Studio Solution File, Format Version 12.00
# Visual Studio Version 17
VisualStudioVersion = 17.10.35201.131
MinimumVisualStudioVersion = 10.0.40219.1
Project("{FAE04EC0-301F-11D3-BF4B-00C04F79EFBC}") = "APICatalogo", "APICatalogo\APICatalogo.csproj", "{E7E74340-CE27-44C0-BE3C-6969A589EADA}"
EndProject
Global
	GlobalSection(SolutionConfigurationPlatforms) = preSolution
		Debug|Any CPU = Debug|Any CPU
		Release|Any CPU = Release|Any CPU
	EndGlobalSection
	GlobalSection(ProjectConfigurationPlatforms) = postSolution
		{E7E74340-CE27-44C0-BE3C-6969A589EADA}.Debug|Any CPU.ActiveCfg = Debug|Any CPU
		{E7E74340-CE27-44C0-BE3C-6969A589EADA}.Debug|Any CPU.Build.0 = Debug|Any CPU
		{E7E74340-CE27-44C0-BE3C-6969A589EADA}.Release|Any CPU.ActiveCfg = Release|Any CPU
		{E7E74340-CE27-44C0-BE3C-6969A589EADA}.Release|Any CPU.Build.0 = Release|Any CPU
	EndGlobalSection
	GlobalSection(SolutionProperties) = preSolution
		HideSolutionNode = FALSE
	EndGlobalSection
	GlobalSection(ExtensibilityGlobals) = postSolution
		SolutionGuid = {2F5BF3A0-67EC-4090-922D-608C1B191F57}
	EndGlobalSection
EndGlobal
